
Microsoft Visual Studio Solution File, Format Version 12.00
# Visual Studio Version 17
VisualStudioVersion = 17.2.32526.322
MinimumVisualStudioVersion = 10.0.40219.1
Project("{FAE04EC0-301F-11D3-BF4B-00C04F79EFBC}") = "formularz_mvp", "formularz_mvp\formularz_mvp.csproj", "{02DDAAEE-6EEE-48F7-A779-372448537DEF}"
EndProject
Global
	GlobalSection(SolutionConfigurationPlatforms) = preSolution
		Debug|Any CPU = Debug|Any CPU
		Release|Any CPU = Release|Any CPU
	EndGlobalSection
	GlobalSection(ProjectConfigurationPlatforms) = postSolution
		{02DDAAEE-6EEE-48F7-A779-372448537DEF}.Debug|Any CPU.ActiveCfg = Debug|Any CPU
		{02DDAAEE-6EEE-48F7-A779-372448537DEF}.Debug|Any CPU.Build.0 = Debug|Any CPU
		{02DDAAEE-6EEE-48F7-A779-372448537DEF}.Release|Any CPU.ActiveCfg = Release|Any CPU
		{02DDAAEE-6EEE-48F7-A779-372448537DEF}.Release|Any CPU.Build.0 = Release|Any CPU
	EndGlobalSection
	GlobalSection(SolutionProperties) = preSolution
		HideSolutionNode = FALSE
	EndGlobalSection
	GlobalSection(ExtensibilityGlobals) = postSolution
		SolutionGuid = {48799D74-5A5D-457B-AC94-A6D7794FF183}
	EndGlobalSection
EndGlobal
